
Microsoft Visual Studio Solution File, Format Version 12.00
# Visual Studio 15
VisualStudioVersion = 15.0.26430.6
MinimumVisualStudioVersion = 10.0.40219.1
Project("{FAE04EC0-301F-11D3-BF4B-00C04F79EFBC}") = "XamarinCRUD.Android", "XamarinCRUD\XamarinCRUD.Android\XamarinCRUD.Android.csproj", "{5147528D-F239-4BE1-95D0-8565723BBA03}"
EndProject
Project("{FAE04EC0-301F-11D3-BF4B-00C04F79EFBC}") = "XamarinCRUD", "XamarinCRUD\XamarinCRUD\XamarinCRUD.csproj", "{11029D98-A8DB-40AB-B000-F10D29DC7DCC}"
EndProject
Project("{FAE04EC0-301F-11D3-BF4B-00C04F79EFBC}") = "XamarinCRUD.UWP", "XamarinCRUD\XamarinCRUD.UWP\XamarinCRUD.UWP.csproj", "{A467BDA1-F770-42D9-AAAC-6D7ACDF0F1D7}"
EndProject
Project("{FAE04EC0-301F-11D3-BF4B-00C04F79EFBC}") = "XamarinCRUD.iOS", "XamarinCRUD\XamarinCRUD.iOS\XamarinCRUD.iOS.csproj", "{F91884C9-A6A2-4C4E-9272-963A00483343}"
EndProject
Project("{FAE04EC0-301F-11D3-BF4B-00C04F79EFBC}") = "WebServicesCRUD", "WebServicesCRUD\WebServicesCRUD.csproj", "{BE110D7C-18DF-45DA-B08F-5A9BC709E25F}"
EndProject
Global
	GlobalSection(SolutionConfigurationPlatforms) = preSolution
		Ad-Hoc|Any CPU = Ad-Hoc|Any CPU
		Ad-Hoc|ARM = Ad-Hoc|ARM
		Ad-Hoc|iPhone = Ad-Hoc|iPhone
		Ad-Hoc|iPhoneSimulator = Ad-Hoc|iPhoneSimulator
		Ad-Hoc|x64 = Ad-Hoc|x64
		Ad-Hoc|x86 = Ad-Hoc|x86
		AppStore|Any CPU = AppStore|Any CPU
		AppStore|ARM = AppStore|ARM
		AppStore|iPhone = AppStore|iPhone
		AppStore|iPhoneSimulator = AppStore|iPhoneSimulator
		AppStore|x64 = AppStore|x64
		AppStore|x86 = AppStore|x86
		Debug|Any CPU = Debug|Any CPU
		Debug|ARM = Debug|ARM
		Debug|iPhone = Debug|iPhone
		Debug|iPhoneSimulator = Debug|iPhoneSimulator
		Debug|x64 = Debug|x64
		Debug|x86 = Debug|x86
		Release|Any CPU = Release|Any CPU
		Release|ARM = Release|ARM
		Release|iPhone = Release|iPhone
		Release|iPhoneSimulator = Release|iPhoneSimulator
		Release|x64 = Release|x64
		Release|x86 = Release|x86
	EndGlobalSection
	GlobalSection(ProjectConfigurationPlatforms) = postSolution
		{5147528D-F239-4BE1-95D0-8565723BBA03}.Ad-Hoc|Any CPU.ActiveCfg = Release|Any CPU
		{5147528D-F239-4BE1-95D0-8565723BBA03}.Ad-Hoc|Any CPU.Build.0 = Release|Any CPU
		{5147528D-F239-4BE1-95D0-8565723BBA03}.Ad-Hoc|Any CPU.Deploy.0 = Release|Any CPU
		{5147528D-F239-4BE1-95D0-8565723BBA03}.Ad-Hoc|ARM.ActiveCfg = Release|Any CPU
		{5147528D-F239-4BE1-95D0-8565723BBA03}.Ad-Hoc|ARM.Build.0 = Release|Any CPU
		{5147528D-F239-4BE1-95D0-8565723BBA03}.Ad-Hoc|ARM.Deploy.0 = Release|Any CPU
		{5147528D-F239-4BE1-95D0-8565723BBA03}.Ad-Hoc|iPhone.ActiveCfg = Release|Any CPU
		{5147528D-F239-4BE1-95D0-8565723BBA03}.Ad-Hoc|iPhone.Build.0 = Release|Any CPU
		{5147528D-F239-4BE1-95D0-8565723BBA03}.Ad-Hoc|iPhone.Deploy.0 = Release|Any CPU
		{5147528D-F239-4BE1-95D0-8565723BBA03}.Ad-Hoc|iPhoneSimulator.ActiveCfg = Release|Any CPU
		{5147528D-F239-4BE1-95D0-8565723BBA03}.Ad-Hoc|iPhoneSimulator.Build.0 = Release|Any CPU
		{5147528D-F239-4BE1-95D0-8565723BBA03}.Ad-Hoc|iPhoneSimulator.Deploy.0 = Release|Any CPU
		{5147528D-F239-4BE1-95D0-8565723BBA03}.Ad-Hoc|x64.ActiveCfg = Release|Any CPU
		{5147528D-F239-4BE1-95D0-8565723BBA03}.Ad-Hoc|x64.Build.0 = Release|Any CPU
		{5147528D-F239-4BE1-95D0-8565723BBA03}.Ad-Hoc|x64.Deploy.0 = Release|Any CPU
		{5147528D-F239-4BE1-95D0-8565723BBA03}.Ad-Hoc|x86.ActiveCfg = Release|Any CPU
		{5147528D-F239-4BE1-95D0-8565723BBA03}.Ad-Hoc|x86.Build.0 = Release|Any CPU
		{5147528D-F239-4BE1-95D0-8565723BBA03}.Ad-Hoc|x86.Deploy.0 = Release|Any CPU
		{5147528D-F239-4BE1-95D0-8565723BBA03}.AppStore|Any CPU.ActiveCfg = Release|Any CPU
		{5147528D-F239-4BE1-95D0-8565723BBA03}.AppStore|Any CPU.Build.0 = Release|Any CPU
		{5147528D-F239-4BE1-95D0-8565723BBA03}.AppStore|Any CPU.Deploy.0 = Release|Any CPU
		{5147528D-F239-4BE1-95D0-8565723BBA03}.AppStore|ARM.ActiveCfg = Release|Any CPU
		{5147528D-F239-4BE1-95D0-8565723BBA03}.AppStore|ARM.Build.0 = Release|Any CPU
		{5147528D-F239-4BE1-95D0-8565723BBA03}.AppStore|ARM.Deploy.0 = Release|Any CPU
		{5147528D-F239-4BE1-95D0-8565723BBA03}.AppStore|iPhone.ActiveCfg = Release|Any CPU
		{5147528D-F239-4BE1-95D0-8565723BBA03}.AppStore|iPhone.Build.0 = Release|Any CPU
		{5147528D-F239-4BE1-95D0-8565723BBA03}.AppStore|iPhone.Deploy.0 = Release|Any CPU
		{5147528D-F239-4BE1-95D0-8565723BBA03}.AppStore|iPhoneSimulator.ActiveCfg = Release|Any CPU
		{5147528D-F239-4BE1-95D0-8565723BBA03}.AppStore|iPhoneSimulator.Build.0 = Release|Any CPU
		{5147528D-F239-4BE1-95D0-8565723BBA03}.AppStore|iPhoneSimulator.Deploy.0 = Release|Any CPU
		{5147528D-F239-4BE1-95D0-8565723BBA03}.AppStore|x64.ActiveCfg = Release|Any CPU
		{5147528D-F239-4BE1-95D0-8565723BBA03}.AppStore|x64.Build.0 = Release|Any CPU
		{5147528D-F239-4BE1-95D0-8565723BBA03}.AppStore|x64.Deploy.0 = Release|Any CPU
		{5147528D-F239-4BE1-95D0-8565723BBA03}.AppStore|x86.ActiveCfg = Release|Any CPU
		{5147528D-F239-4BE1-95D0-8565723BBA03}.AppStore|x86.Build.0 = Release|Any CPU
		{5147528D-F239-4BE1-95D0-8565723BBA03}.AppStore|x86.Deploy.0 = Release|Any CPU
		{5147528D-F239-4BE1-95D0-8565723BBA03}.Debug|Any CPU.ActiveCfg = Debug|Any CPU
		{5147528D-F239-4BE1-95D0-8565723BBA03}.Debug|Any CPU.Build.0 = Debug|Any CPU
		{5147528D-F239-4BE1-95D0-8565723BBA03}.Debug|Any CPU.Deploy.0 = Debug|Any CPU
		{5147528D-F239-4BE1-95D0-8565723BBA03}.Debug|ARM.ActiveCfg = Debug|Any CPU
		{5147528D-F239-4BE1-95D0-8565723BBA03}.Debug|ARM.Build.0 = Debug|Any CPU
		{5147528D-F239-4BE1-95D0-8565723BBA03}.Debug|ARM.Deploy.0 = Debug|Any CPU
		{5147528D-F239-4BE1-95D0-8565723BBA03}.Debug|iPhone.ActiveCfg = Debug|Any CPU
		{5147528D-F239-4BE1-95D0-8565723BBA03}.Debug|iPhone.Build.0 = Debug|Any CPU
		{5147528D-F239-4BE1-95D0-8565723BBA03}.Debug|iPhone.Deploy.0 = Debug|Any CPU
		{5147528D-F239-4BE1-95D0-8565723BBA03}.Debug|iPhoneSimulator.ActiveCfg = Debug|Any CPU
		{5147528D-F239-4BE1-95D0-8565723BBA03}.Debug|iPhoneSimulator.Build.0 = Debug|Any CPU
		{5147528D-F239-4BE1-95D0-8565723BBA03}.Debug|iPhoneSimulator.Deploy.0 = Debug|Any CPU
		{5147528D-F239-4BE1-95D0-8565723BBA03}.Debug|x64.ActiveCfg = Debug|Any CPU
		{5147528D-F239-4BE1-95D0-8565723BBA03}.Debug|x64.Build.0 = Debug|Any CPU
		{5147528D-F239-4BE1-95D0-8565723BBA03}.Debug|x64.Deploy.0 = Debug|Any CPU
		{5147528D-F239-4BE1-95D0-8565723BBA03}.Debug|x86.ActiveCfg = Debug|Any CPU
		{5147528D-F239-4BE1-95D0-8565723BBA03}.Debug|x86.Build.0 = Debug|Any CPU
		{5147528D-F239-4BE1-95D0-8565723BBA03}.Debug|x86.Deploy.0 = Debug|Any CPU
		{5147528D-F239-4BE1-95D0-8565723BBA03}.Release|Any CPU.ActiveCfg = Release|Any CPU
		{5147528D-F239-4BE1-95D0-8565723BBA03}.Release|Any CPU.Build.0 = Release|Any CPU
		{5147528D-F239-4BE1-95D0-8565723BBA03}.Release|Any CPU.Deploy.0 = Release|Any CPU
		{5147528D-F239-4BE1-95D0-8565723BBA03}.Release|ARM.ActiveCfg = Release|Any CPU
		{5147528D-F239-4BE1-95D0-8565723BBA03}.Release|ARM.Build.0 = Release|Any CPU
		{5147528D-F239-4BE1-95D0-8565723BBA03}.Release|ARM.Deploy.0 = Release|Any CPU
		{5147528D-F239-4BE1-95D0-8565723BBA03}.Release|iPhone.ActiveCfg = Release|Any CPU
		{5147528D-F239-4BE1-95D0-8565723BBA03}.Release|iPhone.Build.0 = Release|Any CPU
		{5147528D-F239-4BE1-95D0-8565723BBA03}.Release|iPhone.Deploy.0 = Release|Any CPU
		{5147528D-F239-4BE1-95D0-8565723BBA03}.Release|iPhoneSimulator.ActiveCfg = Release|Any CPU
		{5147528D-F239-4BE1-95D0-8565723BBA03}.Release|iPhoneSimulator.Build.0 = Release|Any CPU
		{5147528D-F239-4BE1-95D0-8565723BBA03}.Release|iPhoneSimulator.Deploy.0 = Release|Any CPU
		{5147528D-F239-4BE1-95D0-8565723BBA03}.Release|x64.ActiveCfg = Release|Any CPU
		{5147528D-F239-4BE1-95D0-8565723BBA03}.Release|x64.Build.0 = Release|Any CPU
		{5147528D-F239-4BE1-95D0-8565723BBA03}.Release|x64.Deploy.0 = Release|Any CPU
		{5147528D-F239-4BE1-95D0-8565723BBA03}.Release|x86.ActiveCfg = Release|Any CPU
		{5147528D-F239-4BE1-95D0-8565723BBA03}.Release|x86.Build.0 = Release|Any CPU
		{5147528D-F239-4BE1-95D0-8565723BBA03}.Release|x86.Deploy.0 = Release|Any CPU
		{11029D98-A8DB-40AB-B000-F10D29DC7DCC}.Ad-Hoc|Any CPU.ActiveCfg = Release|Any CPU
		{11029D98-A8DB-40AB-B000-F10D29DC7DCC}.Ad-Hoc|Any CPU.Build.0 = Release|Any CPU
		{11029D98-A8DB-40AB-B000-F10D29DC7DCC}.Ad-Hoc|ARM.ActiveCfg = Release|Any CPU
		{11029D98-A8DB-40AB-B000-F10D29DC7DCC}.Ad-Hoc|ARM.Build.0 = Release|Any CPU
		{11029D98-A8DB-40AB-B000-F10D29DC7DCC}.Ad-Hoc|iPhone.ActiveCfg = Release|Any CPU
		{11029D98-A8DB-40AB-B000-F10D29DC7DCC}.Ad-Hoc|iPhone.Build.0 = Release|Any CPU
		{11029D98-A8DB-40AB-B000-F10D29DC7DCC}.Ad-Hoc|iPhoneSimulator.ActiveCfg = Release|Any CPU
		{11029D98-A8DB-40AB-B000-F10D29DC7DCC}.Ad-Hoc|iPhoneSimulator.Build.0 = Release|Any CPU
		{11029D98-A8DB-40AB-B000-F10D29DC7DCC}.Ad-Hoc|x64.ActiveCfg = Release|Any CPU
		{11029D98-A8DB-40AB-B000-F10D29DC7DCC}.Ad-Hoc|x64.Build.0 = Release|Any CPU
		{11029D98-A8DB-40AB-B000-F10D29DC7DCC}.Ad-Hoc|x86.ActiveCfg = Release|Any CPU
		{11029D98-A8DB-40AB-B000-F10D29DC7DCC}.Ad-Hoc|x86.Build.0 = Release|Any CPU
		{11029D98-A8DB-40AB-B000-F10D29DC7DCC}.AppStore|Any CPU.ActiveCfg = Release|Any CPU
		{11029D98-A8DB-40AB-B000-F10D29DC7DCC}.AppStore|Any CPU.Build.0 = Release|Any CPU
		{11029D98-A8DB-40AB-B000-F10D29DC7DCC}.AppStore|ARM.ActiveCfg = Release|Any CPU
		{11029D98-A8DB-40AB-B000-F10D29DC7DCC}.AppStore|ARM.Build.0 = Release|Any CPU
		{11029D98-A8DB-40AB-B000-F10D29DC7DCC}.AppStore|iPhone.ActiveCfg = Release|Any CPU
		{11029D98-A8DB-40AB-B000-F10D29DC7DCC}.AppStore|iPhone.Build.0 = Release|Any CPU
		{11029D98-A8DB-40AB-B000-F10D29DC7DCC}.AppStore|iPhoneSimulator.ActiveCfg = Release|Any CPU
		{11029D98-A8DB-40AB-B000-F10D29DC7DCC}.AppStore|iPhoneSimulator.Build.0 = Release|Any CPU
		{11029D98-A8DB-40AB-B000-F10D29DC7DCC}.AppStore|x64.ActiveCfg = Release|Any CPU
		{11029D98-A8DB-40AB-B000-F10D29DC7DCC}.AppStore|x64.Build.0 = Release|Any CPU
		{11029D98-A8DB-40AB-B000-F10D29DC7DCC}.AppStore|x86.ActiveCfg = Release|Any CPU
		{11029D98-A8DB-40AB-B000-F10D29DC7DCC}.AppStore|x86.Build.0 = Release|Any CPU
		{11029D98-A8DB-40AB-B000-F10D29DC7DCC}.Debug|Any CPU.ActiveCfg = Debug|Any CPU
		{11029D98-A8DB-40AB-B000-F10D29DC7DCC}.Debug|Any CPU.Build.0 = Debug|Any CPU
		{11029D98-A8DB-40AB-B000-F10D29DC7DCC}.Debug|ARM.ActiveCfg = Debug|Any CPU
		{11029D98-A8DB-40AB-B000-F10D29DC7DCC}.Debug|ARM.Build.0 = Debug|Any CPU
		{11029D98-A8DB-40AB-B000-F10D29DC7DCC}.Debug|iPhone.ActiveCfg = Debug|Any CPU
		{11029D98-A8DB-40AB-B000-F10D29DC7DCC}.Debug|iPhone.Build.0 = Debug|Any CPU
		{11029D98-A8DB-40AB-B000-F10D29DC7DCC}.Debug|iPhoneSimulator.ActiveCfg = Debug|Any CPU
		{11029D98-A8DB-40AB-B000-F10D29DC7DCC}.Debug|iPhoneSimulator.Build.0 = Debug|Any CPU
		{11029D98-A8DB-40AB-B000-F10D29DC7DCC}.Debug|x64.ActiveCfg = Debug|Any CPU
		{11029D98-A8DB-40AB-B000-F10D29DC7DCC}.Debug|x64.Build.0 = Debug|Any CPU
		{11029D98-A8DB-40AB-B000-F10D29DC7DCC}.Debug|x86.ActiveCfg = Debug|Any CPU
		{11029D98-A8DB-40AB-B000-F10D29DC7DCC}.Debug|x86.Build.0 = Debug|Any CPU
		{11029D98-A8DB-40AB-B000-F10D29DC7DCC}.Release|Any CPU.ActiveCfg = Release|Any CPU
		{11029D98-A8DB-40AB-B000-F10D29DC7DCC}.Release|Any CPU.Build.0 = Release|Any CPU
		{11029D98-A8DB-40AB-B000-F10D29DC7DCC}.Release|ARM.ActiveCfg = Release|Any CPU
		{11029D98-A8DB-40AB-B000-F10D29DC7DCC}.Release|ARM.Build.0 = Release|Any CPU
		{11029D98-A8DB-40AB-B000-F10D29DC7DCC}.Release|iPhone.ActiveCfg = Release|Any CPU
		{11029D98-A8DB-40AB-B000-F10D29DC7DCC}.Release|iPhone.Build.0 = Release|Any CPU
		{11029D98-A8DB-40AB-B000-F10D29DC7DCC}.Release|iPhoneSimulator.ActiveCfg = Release|Any CPU
		{11029D98-A8DB-40AB-B000-F10D29DC7DCC}.Release|iPhoneSimulator.Build.0 = Release|Any CPU
		{11029D98-A8DB-40AB-B000-F10D29DC7DCC}.Release|x64.ActiveCfg = Release|Any CPU
		{11029D98-A8DB-40AB-B000-F10D29DC7DCC}.Release|x64.Build.0 = Release|Any CPU
		{11029D98-A8DB-40AB-B000-F10D29DC7DCC}.Release|x86.ActiveCfg = Release|Any CPU
		{11029D98-A8DB-40AB-B000-F10D29DC7DCC}.Release|x86.Build.0 = Release|Any CPU
		{A467BDA1-F770-42D9-AAAC-6D7ACDF0F1D7}.Ad-Hoc|Any CPU.ActiveCfg = Release|x86
		{A467BDA1-F770-42D9-AAAC-6D7ACDF0F1D7}.Ad-Hoc|Any CPU.Build.0 = Release|x86
		{A467BDA1-F770-42D9-AAAC-6D7ACDF0F1D7}.Ad-Hoc|Any CPU.Deploy.0 = Release|x86
		{A467BDA1-F770-42D9-AAAC-6D7ACDF0F1D7}.Ad-Hoc|ARM.ActiveCfg = Release|ARM
		{A467BDA1-F770-42D9-AAAC-6D7ACDF0F1D7}.Ad-Hoc|ARM.Build.0 = Release|ARM
		{A467BDA1-F770-42D9-AAAC-6D7ACDF0F1D7}.Ad-Hoc|ARM.Deploy.0 = Release|ARM
		{A467BDA1-F770-42D9-AAAC-6D7ACDF0F1D7}.Ad-Hoc|iPhone.ActiveCfg = Release|x86
		{A467BDA1-F770-42D9-AAAC-6D7ACDF0F1D7}.Ad-Hoc|iPhone.Build.0 = Release|x86
		{A467BDA1-F770-42D9-AAAC-6D7ACDF0F1D7}.Ad-Hoc|iPhone.Deploy.0 = Release|x86
		{A467BDA1-F770-42D9-AAAC-6D7ACDF0F1D7}.Ad-Hoc|iPhoneSimulator.ActiveCfg = Release|x86
		{A467BDA1-F770-42D9-AAAC-6D7ACDF0F1D7}.Ad-Hoc|iPhoneSimulator.Build.0 = Release|x86
		{A467BDA1-F770-42D9-AAAC-6D7ACDF0F1D7}.Ad-Hoc|iPhoneSimulator.Deploy.0 = Release|x86
		{A467BDA1-F770-42D9-AAAC-6D7ACDF0F1D7}.Ad-Hoc|x64.ActiveCfg = Release|x64
		{A467BDA1-F770-42D9-AAAC-6D7ACDF0F1D7}.Ad-Hoc|x64.Build.0 = Release|x64
		{A467BDA1-F770-42D9-AAAC-6D7ACDF0F1D7}.Ad-Hoc|x64.Deploy.0 = Release|x64
		{A467BDA1-F770-42D9-AAAC-6D7ACDF0F1D7}.Ad-Hoc|x86.ActiveCfg = Release|x86
		{A467BDA1-F770-42D9-AAAC-6D7ACDF0F1D7}.Ad-Hoc|x86.Build.0 = Release|x86
		{A467BDA1-F770-42D9-AAAC-6D7ACDF0F1D7}.Ad-Hoc|x86.Deploy.0 = Release|x86
		{A467BDA1-F770-42D9-AAAC-6D7ACDF0F1D7}.AppStore|Any CPU.ActiveCfg = Release|x86
		{A467BDA1-F770-42D9-AAAC-6D7ACDF0F1D7}.AppStore|Any CPU.Build.0 = Release|x86
		{A467BDA1-F770-42D9-AAAC-6D7ACDF0F1D7}.AppStore|Any CPU.Deploy.0 = Release|x86
		{A467BDA1-F770-42D9-AAAC-6D7ACDF0F1D7}.AppStore|ARM.ActiveCfg = Release|ARM
		{A467BDA1-F770-42D9-AAAC-6D7ACDF0F1D7}.AppStore|ARM.Build.0 = Release|ARM
		{A467BDA1-F770-42D9-AAAC-6D7ACDF0F1D7}.AppStore|ARM.Deploy.0 = Release|ARM
		{A467BDA1-F770-42D9-AAAC-6D7ACDF0F1D7}.AppStore|iPhone.ActiveCfg = Release|x86
		{A467BDA1-F770-42D9-AAAC-6D7ACDF0F1D7}.AppStore|iPhone.Build.0 = Release|x86
		{A467BDA1-F770-42D9-AAAC-6D7ACDF0F1D7}.AppStore|iPhone.Deploy.0 = Release|x86
		{A467BDA1-F770-42D9-AAAC-6D7ACDF0F1D7}.AppStore|iPhoneSimulator.ActiveCfg = Release|x86
		{A467BDA1-F770-42D9-AAAC-6D7ACDF0F1D7}.AppStore|iPhoneSimulator.Build.0 = Release|x86
		{A467BDA1-F770-42D9-AAAC-6D7ACDF0F1D7}.AppStore|iPhoneSimulator.Deploy.0 = Release|x86
		{A467BDA1-F770-42D9-AAAC-6D7ACDF0F1D7}.AppStore|x64.ActiveCfg = Release|x64
		{A467BDA1-F770-42D9-AAAC-6D7ACDF0F1D7}.AppStore|x64.Build.0 = Release|x64
		{A467BDA1-F770-42D9-AAAC-6D7ACDF0F1D7}.AppStore|x64.Deploy.0 = Release|x64
		{A467BDA1-F770-42D9-AAAC-6D7ACDF0F1D7}.AppStore|x86.ActiveCfg = Release|x86
		{A467BDA1-F770-42D9-AAAC-6D7ACDF0F1D7}.AppStore|x86.Build.0 = Release|x86
		{A467BDA1-F770-42D9-AAAC-6D7ACDF0F1D7}.AppStore|x86.Deploy.0 = Release|x86
		{A467BDA1-F770-42D9-AAAC-6D7ACDF0F1D7}.Debug|Any CPU.ActiveCfg = Debug|x86
		{A467BDA1-F770-42D9-AAAC-6D7ACDF0F1D7}.Debug|ARM.ActiveCfg = Debug|ARM
		{A467BDA1-F770-42D9-AAAC-6D7ACDF0F1D7}.Debug|ARM.Build.0 = Debug|ARM
		{A467BDA1-F770-42D9-AAAC-6D7ACDF0F1D7}.Debug|ARM.Deploy.0 = Debug|ARM
		{A467BDA1-F770-42D9-AAAC-6D7ACDF0F1D7}.Debug|iPhone.ActiveCfg = Debug|x86
		{A467BDA1-F770-42D9-AAAC-6D7ACDF0F1D7}.Debug|iPhoneSimulator.ActiveCfg = Debug|x86
		{A467BDA1-F770-42D9-AAAC-6D7ACDF0F1D7}.Debug|x64.ActiveCfg = Debug|x64
		{A467BDA1-F770-42D9-AAAC-6D7ACDF0F1D7}.Debug|x64.Build.0 = Debug|x64
		{A467BDA1-F770-42D9-AAAC-6D7ACDF0F1D7}.Debug|x64.Deploy.0 = Debug|x64
		{A467BDA1-F770-42D9-AAAC-6D7ACDF0F1D7}.Debug|x86.ActiveCfg = Debug|x86
		{A467BDA1-F770-42D9-AAAC-6D7ACDF0F1D7}.Debug|x86.Build.0 = Debug|x86
		{A467BDA1-F770-42D9-AAAC-6D7ACDF0F1D7}.Debug|x86.Deploy.0 = Debug|x86
		{A467BDA1-F770-42D9-AAAC-6D7ACDF0F1D7}.Release|Any CPU.ActiveCfg = Release|x86
		{A467BDA1-F770-42D9-AAAC-6D7ACDF0F1D7}.Release|ARM.ActiveCfg = Release|ARM
		{A467BDA1-F770-42D9-AAAC-6D7ACDF0F1D7}.Release|ARM.Build.0 = Release|ARM
		{A467BDA1-F770-42D9-AAAC-6D7ACDF0F1D7}.Release|ARM.Deploy.0 = Release|ARM
		{A467BDA1-F770-42D9-AAAC-6D7ACDF0F1D7}.Release|iPhone.ActiveCfg = Release|x86
		{A467BDA1-F770-42D9-AAAC-6D7ACDF0F1D7}.Release|iPhoneSimulator.ActiveCfg = Release|x86
		{A467BDA1-F770-42D9-AAAC-6D7ACDF0F1D7}.Release|x64.ActiveCfg = Release|x64
		{A467BDA1-F770-42D9-AAAC-6D7ACDF0F1D7}.Release|x64.Build.0 = Release|x64
		{A467BDA1-F770-42D9-AAAC-6D7ACDF0F1D7}.Release|x64.Deploy.0 = Release|x64
		{A467BDA1-F770-42D9-AAAC-6D7ACDF0F1D7}.Release|x86.ActiveCfg = Release|x86
		{A467BDA1-F770-42D9-AAAC-6D7ACDF0F1D7}.Release|x86.Build.0 = Release|x86
		{A467BDA1-F770-42D9-AAAC-6D7ACDF0F1D7}.Release|x86.Deploy.0 = Release|x86
		{F91884C9-A6A2-4C4E-9272-963A00483343}.Ad-Hoc|Any CPU.ActiveCfg = Ad-Hoc|iPhone
		{F91884C9-A6A2-4C4E-9272-963A00483343}.Ad-Hoc|ARM.ActiveCfg = Ad-Hoc|iPhone
		{F91884C9-A6A2-4C4E-9272-963A00483343}.Ad-Hoc|iPhone.ActiveCfg = Ad-Hoc|iPhone
		{F91884C9-A6A2-4C4E-9272-963A00483343}.Ad-Hoc|iPhone.Build.0 = Ad-Hoc|iPhone
		{F91884C9-A6A2-4C4E-9272-963A00483343}.Ad-Hoc|iPhoneSimulator.ActiveCfg = Ad-Hoc|iPhoneSimulator
		{F91884C9-A6A2-4C4E-9272-963A00483343}.Ad-Hoc|iPhoneSimulator.Build.0 = Ad-Hoc|iPhoneSimulator
		{F91884C9-A6A2-4C4E-9272-963A00483343}.Ad-Hoc|x64.ActiveCfg = Ad-Hoc|iPhone
		{F91884C9-A6A2-4C4E-9272-963A00483343}.Ad-Hoc|x86.ActiveCfg = Ad-Hoc|iPhone
		{F91884C9-A6A2-4C4E-9272-963A00483343}.AppStore|Any CPU.ActiveCfg = AppStore|iPhone
		{F91884C9-A6A2-4C4E-9272-963A00483343}.AppStore|ARM.ActiveCfg = AppStore|iPhone
		{F91884C9-A6A2-4C4E-9272-963A00483343}.AppStore|iPhone.ActiveCfg = AppStore|iPhone
		{F91884C9-A6A2-4C4E-9272-963A00483343}.AppStore|iPhone.Build.0 = AppStore|iPhone
		{F91884C9-A6A2-4C4E-9272-963A00483343}.AppStore|iPhoneSimulator.ActiveCfg = AppStore|iPhoneSimulator
		{F91884C9-A6A2-4C4E-9272-963A00483343}.AppStore|iPhoneSimulator.Build.0 = AppStore|iPhoneSimulator
		{F91884C9-A6A2-4C4E-9272-963A00483343}.AppStore|x64.ActiveCfg = AppStore|iPhone
		{F91884C9-A6A2-4C4E-9272-963A00483343}.AppStore|x86.ActiveCfg = AppStore|iPhone
		{F91884C9-A6A2-4C4E-9272-963A00483343}.Debug|Any CPU.ActiveCfg = Debug|iPhone
		{F91884C9-A6A2-4C4E-9272-963A00483343}.Debug|ARM.ActiveCfg = Debug|iPhone
		{F91884C9-A6A2-4C4E-9272-963A00483343}.Debug|iPhone.ActiveCfg = Debug|iPhone
		{F91884C9-A6A2-4C4E-9272-963A00483343}.Debug|iPhone.Build.0 = Debug|iPhone
		{F91884C9-A6A2-4C4E-9272-963A00483343}.Debug|iPhoneSimulator.ActiveCfg = Debug|iPhoneSimulator
		{F91884C9-A6A2-4C4E-9272-963A00483343}.Debug|iPhoneSimulator.Build.0 = Debug|iPhoneSimulator
		{F91884C9-A6A2-4C4E-9272-963A00483343}.Debug|x64.ActiveCfg = Debug|iPhone
		{F91884C9-A6A2-4C4E-9272-963A00483343}.Debug|x86.ActiveCfg = Debug|iPhone
		{F91884C9-A6A2-4C4E-9272-963A00483343}.Release|Any CPU.ActiveCfg = Release|iPhone
		{F91884C9-A6A2-4C4E-9272-963A00483343}.Release|ARM.ActiveCfg = Release|iPhone
		{F91884C9-A6A2-4C4E-9272-963A00483343}.Release|iPhone.ActiveCfg = Release|iPhone
		{F91884C9-A6A2-4C4E-9272-963A00483343}.Release|iPhone.Build.0 = Release|iPhone
		{F91884C9-A6A2-4C4E-9272-963A00483343}.Release|iPhoneSimulator.ActiveCfg = Release|iPhoneSimulator
		{F91884C9-A6A2-4C4E-9272-963A00483343}.Release|iPhoneSimulator.Build.0 = Release|iPhoneSimulator
		{F91884C9-A6A2-4C4E-9272-963A00483343}.Release|x64.ActiveCfg = Release|iPhone
		{F91884C9-A6A2-4C4E-9272-963A00483343}.Release|x86.ActiveCfg = Release|iPhone
		{BE110D7C-18DF-45DA-B08F-5A9BC709E25F}.Ad-Hoc|Any CPU.ActiveCfg = Release|Any CPU
		{BE110D7C-18DF-45DA-B08F-5A9BC709E25F}.Ad-Hoc|Any CPU.Build.0 = Release|Any CPU
		{BE110D7C-18DF-45DA-B08F-5A9BC709E25F}.Ad-Hoc|ARM.ActiveCfg = Release|Any CPU
		{BE110D7C-18DF-45DA-B08F-5A9BC709E25F}.Ad-Hoc|ARM.Build.0 = Release|Any CPU
		{BE110D7C-18DF-45DA-B08F-5A9BC709E25F}.Ad-Hoc|iPhone.ActiveCfg = Release|Any CPU
		{BE110D7C-18DF-45DA-B08F-5A9BC709E25F}.Ad-Hoc|iPhone.Build.0 = Release|Any CPU
		{BE110D7C-18DF-45DA-B08F-5A9BC709E25F}.Ad-Hoc|iPhoneSimulator.ActiveCfg = Release|Any CPU
		{BE110D7C-18DF-45DA-B08F-5A9BC709E25F}.Ad-Hoc|iPhoneSimulator.Build.0 = Release|Any CPU
		{BE110D7C-18DF-45DA-B08F-5A9BC709E25F}.Ad-Hoc|x64.ActiveCfg = Release|Any CPU
		{BE110D7C-18DF-45DA-B08F-5A9BC709E25F}.Ad-Hoc|x64.Build.0 = Release|Any CPU
		{BE110D7C-18DF-45DA-B08F-5A9BC709E25F}.Ad-Hoc|x86.ActiveCfg = Release|Any CPU
		{BE110D7C-18DF-45DA-B08F-5A9BC709E25F}.Ad-Hoc|x86.Build.0 = Release|Any CPU
		{BE110D7C-18DF-45DA-B08F-5A9BC709E25F}.AppStore|Any CPU.ActiveCfg = Release|Any CPU
		{BE110D7C-18DF-45DA-B08F-5A9BC709E25F}.AppStore|Any CPU.Build.0 = Release|Any CPU
		{BE110D7C-18DF-45DA-B08F-5A9BC709E25F}.AppStore|ARM.ActiveCfg = Release|Any CPU
		{BE110D7C-18DF-45DA-B08F-5A9BC709E25F}.AppStore|ARM.Build.0 = Release|Any CPU
		{BE110D7C-18DF-45DA-B08F-5A9BC709E25F}.AppStore|iPhone.ActiveCfg = Release|Any CPU
		{BE110D7C-18DF-45DA-B08F-5A9BC709E25F}.AppStore|iPhone.Build.0 = Release|Any CPU
		{BE110D7C-18DF-45DA-B08F-5A9BC709E25F}.AppStore|iPhoneSimulator.ActiveCfg = Release|Any CPU
		{BE110D7C-18DF-45DA-B08F-5A9BC709E25F}.AppStore|iPhoneSimulator.Build.0 = Release|Any CPU
		{BE110D7C-18DF-45DA-B08F-5A9BC709E25F}.AppStore|x64.ActiveCfg = Release|Any CPU
		{BE110D7C-18DF-45DA-B08F-5A9BC709E25F}.AppStore|x64.Build.0 = Release|Any CPU
		{BE110D7C-18DF-45DA-B08F-5A9BC709E25F}.AppStore|x86.ActiveCfg = Release|Any CPU
		{BE110D7C-18DF-45DA-B08F-5A9BC709E25F}.AppStore|x86.Build.0 = Release|Any CPU
		{BE110D7C-18DF-45DA-B08F-5A9BC709E25F}.Debug|Any CPU.ActiveCfg = Debug|Any CPU
		{BE110D7C-18DF-45DA-B08F-5A9BC709E25F}.Debug|Any CPU.Build.0 = Debug|Any CPU
		{BE110D7C-18DF-45DA-B08F-5A9BC709E25F}.Debug|ARM.ActiveCfg = Debug|Any CPU
		{BE110D7C-18DF-45DA-B08F-5A9BC709E25F}.Debug|ARM.Build.0 = Debug|Any CPU
		{BE110D7C-18DF-45DA-B08F-5A9BC709E25F}.Debug|iPhone.ActiveCfg = Debug|Any CPU
		{BE110D7C-18DF-45DA-B08F-5A9BC709E25F}.Debug|iPhone.Build.0 = Debug|Any CPU
		{BE110D7C-18DF-45DA-B08F-5A9BC709E25F}.Debug|iPhoneSimulator.ActiveCfg = Debug|Any CPU
		{BE110D7C-18DF-45DA-B08F-5A9BC709E25F}.Debug|iPhoneSimulator.Build.0 = Debug|Any CPU
		{BE110D7C-18DF-45DA-B08F-5A9BC709E25F}.Debug|x64.ActiveCfg = Debug|Any CPU
		{BE110D7C-18DF-45DA-B08F-5A9BC709E25F}.Debug|x64.Build.0 = Debug|Any CPU
		{BE110D7C-18DF-45DA-B08F-5A9BC709E25F}.Debug|x86.ActiveCfg = Debug|Any CPU
		{BE110D7C-18DF-45DA-B08F-5A9BC709E25F}.Debug|x86.Build.0 = Debug|Any CPU
		{BE110D7C-18DF-45DA-B08F-5A9BC709E25F}.Release|Any CPU.ActiveCfg = Release|Any CPU
		{BE110D7C-18DF-45DA-B08F-5A9BC709E25F}.Release|Any CPU.Build.0 = Release|Any CPU
		{BE110D7C-18DF-45DA-B08F-5A9BC709E25F}.Release|ARM.ActiveCfg = Release|Any CPU
		{BE110D7C-18DF-45DA-B08F-5A9BC709E25F}.Release|ARM.Build.0 = Release|Any CPU
		{BE110D7C-18DF-45DA-B08F-5A9BC709E25F}.Release|iPhone.ActiveCfg = Release|Any CPU
		{BE110D7C-18DF-45DA-B08F-5A9BC709E25F}.Release|iPhone.Build.0 = Release|Any CPU
		{BE110D7C-18DF-45DA-B08F-5A9BC709E25F}.Release|iPhoneSimulator.ActiveCfg = Release|Any CPU
		{BE110D7C-18DF-45DA-B08F-5A9BC709E25F}.Release|iPhoneSimulator.Build.0 = Release|Any CPU
		{BE110D7C-18DF-45DA-B08F-5A9BC709E25F}.Release|x64.ActiveCfg = Release|Any CPU
		{BE110D7C-18DF-45DA-B08F-5A9BC709E25F}.Release|x64.Build.0 = Release|Any CPU
		{BE110D7C-18DF-45DA-B08F-5A9BC709E25F}.Release|x86.ActiveCfg = Release|Any CPU
		{BE110D7C-18DF-45DA-B08F-5A9BC709E25F}.Release|x86.Build.0 = Release|Any CPU
	EndGlobalSection
	GlobalSection(SolutionProperties) = preSolution
		HideSolutionNode = FALSE
	EndGlobalSection
EndGlobal
